
Microsoft Visual Studio Solution File, Format Version 12.00
# Visual Studio 15
VisualStudioVersion = 15.0.28307.421
MinimumVisualStudioVersion = 10.0.40219.1
Project("{9A19103F-16F7-4668-BE54-9A1E7A4F7556}") = "FestiTimer.API", "FestiTimer.API\FestiTimer.API.csproj", "{0534FDF0-44B9-4258-A05A-20EAAF87848B}"
EndProject
Project("{9A19103F-16F7-4668-BE54-9A1E7A4F7556}") = "FestiTimer.API.Tests", "FestiTimer.API.Tests\FestiTimer.API.Tests.csproj", "{90AC6805-6F21-4B2E-ACFF-0B646545C81B}"
EndProject
Project("{9A19103F-16F7-4668-BE54-9A1E7A4F7556}") = "FestiTimer.Domain", "FestiTimer.Domain\FestiTimer.Domain.csproj", "{28E3073B-AB55-4F31-B553-E0A1C5457410}"
EndProject
Project("{FAE04EC0-301F-11D3-BF4B-00C04F79EFBC}") = "FestiTimer.Domain.Tests", "FestiTimer.Domain.Tests\FestiTimer.Domain.Tests.csproj", "{91D8A78E-FB24-4BD6-A797-BDA3520E391B}"
EndProject
Global
	GlobalSection(SolutionConfigurationPlatforms) = preSolution
		Debug|Any CPU = Debug|Any CPU
		Release|Any CPU = Release|Any CPU
	EndGlobalSection
	GlobalSection(ProjectConfigurationPlatforms) = postSolution
		{0534FDF0-44B9-4258-A05A-20EAAF87848B}.Debug|Any CPU.ActiveCfg = Debug|Any CPU
		{0534FDF0-44B9-4258-A05A-20EAAF87848B}.Debug|Any CPU.Build.0 = Debug|Any CPU
		{0534FDF0-44B9-4258-A05A-20EAAF87848B}.Release|Any CPU.ActiveCfg = Release|Any CPU
		{0534FDF0-44B9-4258-A05A-20EAAF87848B}.Release|Any CPU.Build.0 = Release|Any CPU
		{90AC6805-6F21-4B2E-ACFF-0B646545C81B}.Debug|Any CPU.ActiveCfg = Debug|Any CPU
		{90AC6805-6F21-4B2E-ACFF-0B646545C81B}.Debug|Any CPU.Build.0 = Debug|Any CPU
		{90AC6805-6F21-4B2E-ACFF-0B646545C81B}.Release|Any CPU.ActiveCfg = Release|Any CPU
		{90AC6805-6F21-4B2E-ACFF-0B646545C81B}.Release|Any CPU.Build.0 = Release|Any CPU
		{28E3073B-AB55-4F31-B553-E0A1C5457410}.Debug|Any CPU.ActiveCfg = Debug|Any CPU
		{28E3073B-AB55-4F31-B553-E0A1C5457410}.Debug|Any CPU.Build.0 = Debug|Any CPU
		{28E3073B-AB55-4F31-B553-E0A1C5457410}.Release|Any CPU.ActiveCfg = Release|Any CPU
		{28E3073B-AB55-4F31-B553-E0A1C5457410}.Release|Any CPU.Build.0 = Release|Any CPU
		{91D8A78E-FB24-4BD6-A797-BDA3520E391B}.Debug|Any CPU.ActiveCfg = Debug|Any CPU
		{91D8A78E-FB24-4BD6-A797-BDA3520E391B}.Debug|Any CPU.Build.0 = Debug|Any CPU
		{91D8A78E-FB24-4BD6-A797-BDA3520E391B}.Release|Any CPU.ActiveCfg = Release|Any CPU
		{91D8A78E-FB24-4BD6-A797-BDA3520E391B}.Release|Any CPU.Build.0 = Release|Any CPU
	EndGlobalSection
	GlobalSection(SolutionProperties) = preSolution
		HideSolutionNode = FALSE
	EndGlobalSection
	GlobalSection(ExtensibilityGlobals) = postSolution
		SolutionGuid = {A96B14D0-06A9-400D-A58E-F053F88D6B60}
	EndGlobalSection
EndGlobal
